
Microsoft Visual Studio Solution File, Format Version 12.00
# Visual Studio Version 17
VisualStudioVersion = 17.9.34714.143
MinimumVisualStudioVersion = 10.0.40219.1
Project("{FAE04EC0-301F-11D3-BF4B-00C04F79EFBC}") = "ApiMina3", "ApiMina3\ApiMina3.csproj", "{6EE1A88F-218E-4C07-A90C-710810CCA66F}"
EndProject
Global
	GlobalSection(SolutionConfigurationPlatforms) = preSolution
		Debug|Any CPU = Debug|Any CPU
		Release|Any CPU = Release|Any CPU
	EndGlobalSection
	GlobalSection(ProjectConfigurationPlatforms) = postSolution
		{6EE1A88F-218E-4C07-A90C-710810CCA66F}.Debug|Any CPU.ActiveCfg = Debug|Any CPU
		{6EE1A88F-218E-4C07-A90C-710810CCA66F}.Debug|Any CPU.Build.0 = Debug|Any CPU
		{6EE1A88F-218E-4C07-A90C-710810CCA66F}.Release|Any CPU.ActiveCfg = Release|Any CPU
		{6EE1A88F-218E-4C07-A90C-710810CCA66F}.Release|Any CPU.Build.0 = Release|Any CPU
	EndGlobalSection
	GlobalSection(SolutionProperties) = preSolution
		HideSolutionNode = FALSE
	EndGlobalSection
	GlobalSection(ExtensibilityGlobals) = postSolution
		SolutionGuid = {446E00BE-5021-450F-80A5-92154254741B}
	EndGlobalSection
EndGlobal
